Microsoft Visual Studio Solution File, Format Version 12.00
# Visual Studio Version 17
VisualStudioVersion = 17.5.2.0
MinimumVisualStudioVersion = 10.0.40219.1
Project("{FAE04EC0-301F-11D3-BF4B-00C04F79EFBC}") = "EasyApiProxy.WebApi", "EasyApiProxy.WebApi.csproj", "{CFC967D8-2619-F0D1-AB23-03538D0F0370}"
EndProject
Global
	GlobalSection(SolutionConfigurationPlatforms) = preSolution
		Debug|Any CPU = Debug|Any CPU
		Release|Any CPU = Release|Any CPU
	EndGlobalSection
	GlobalSection(ProjectConfigurationPlatforms) = postSolution
		{CFC967D8-2619-F0D1-AB23-03538D0F0370}.Debug|Any CPU.ActiveCfg = Debug|Any CPU
		{CFC967D8-2619-F0D1-AB23-03538D0F0370}.Debug|Any CPU.Build.0 = Debug|Any CPU
		{CFC967D8-2619-F0D1-AB23-03538D0F0370}.Release|Any CPU.ActiveCfg = Release|Any CPU
		{CFC967D8-2619-F0D1-AB23-03538D0F0370}.Release|Any CPU.Build.0 = Release|Any CPU
	EndGlobalSection
	GlobalSection(SolutionProperties) = preSolution
		HideSolutionNode = FALSE
	EndGlobalSection
	GlobalSection(ExtensibilityGlobals) = postSolution
		SolutionGuid = {17EE2D1F-1904-4607-9AA0-3E1EDAE2D854}
	EndGlobalSection
EndGlobal
