
Microsoft Visual Studio Solution File, Format Version 12.00
# Visual Studio Version 17
VisualStudioVersion = 17.0.31903.59
MinimumVisualStudioVersion = 10.0.40219.1
Project("{FAE04EC0-301F-11D3-BF4B-00C04F79EFBC}") = "EasyApiProxy.Core", "EasyApiProxy.Core\EasyApiProxy.Core.csproj", "{8196CF91-4494-4448-BBC4-BB1B2D43F70F}"
EndProject
Project("{FAE04EC0-301F-11D3-BF4B-00C04F79EFBC}") = "EasyApiProxy.Core.Test", "EasyApiProxy.Core.Test\EasyApiProxy.Core.Test.csproj", "{27B23AB4-C547-4E5E-BB70-86421E26C4C3}"
EndProject
Project("{FAE04EC0-301F-11D3-BF4B-00C04F79EFBC}") = "EasyApiProxy.HawkAuth.Core", "EasyApiProxy.HawkAuth.Core\EasyApiProxy.HawkAuth.Core.csproj", "{70E60D61-82A7-468C-B350-66503E34DE0E}"
EndProject
Project("{FAE04EC0-301F-11D3-BF4B-00C04F79EFBC}") = "EasyApiProxy.WebApi.Core", "EasyApiProxy.WebApi.Core\EasyApiProxy.WebApi.Core.csproj", "{83F44D13-7228-4E49-99A1-FB2A142B4C54}"
EndProject
Project("{FAE04EC0-301F-11D3-BF4B-00C04F79EFBC}") = "EasyApiProxy.DemoApi.Core", "EasyApiProxy.DemoApi.Core\EasyApiProxy.DemoApi.Core.csproj", "{620ADD80-6585-4891-893B-722AA220A686}"
EndProject
Project("{FAE04EC0-301F-11D3-BF4B-00C04F79EFBC}") = "EasyApiProxy.DemoApiWeb.Core", "EasyApiProxy.DemoApiWeb.Core\EasyApiProxy.DemoApiWeb.Core.csproj", "{3D564298-0120-480D-B2B4-B5CABE847C7C}"
EndProject
Project("{FAE04EC0-301F-11D3-BF4B-00C04F79EFBC}") = "HawkNet.AspNetCore", "HawkNet.AspNetCore\HawkNet.AspNetCore.csproj", "{D6C2BD29-563F-445B-95E9-85541BBB949E}"
EndProject
Project("{FAE04EC0-301F-11D3-BF4B-00C04F79EFBC}") = "EasyInjector.DependencyInjection", "EasyInjector.DependencyInjection\EasyInjector.DependencyInjection.csproj", "{EAB33C95-64A8-44C9-B86E-93D02108494B}"
EndProject
Project("{FAE04EC0-301F-11D3-BF4B-00C04F79EFBC}") = "EasyInjector.Core.Tests", "EasyInjector.Core.Tests\EasyInjector.Core.Tests.csproj", "{9634D440-DBC3-4AF1-91F5-CC821E8027BD}"
EndProject
Project("{FAE04EC0-301F-11D3-BF4B-00C04F79EFBC}") = "EasyApiProxy.DemoApiWeb.Core.Kmuhome", "EasyApiProxy.DemoApiWeb.Core.Kmuhome\EasyApiProxy.DemoApiWeb.Core.Kmuhome.csproj", "{70B04584-AF24-4806-A55C-C68A7BFBA46B}"
EndProject
Global
	GlobalSection(SolutionConfigurationPlatforms) = preSolution
		Debug|Any CPU = Debug|Any CPU
		Release|Any CPU = Release|Any CPU
	EndGlobalSection
	GlobalSection(ProjectConfigurationPlatforms) = postSolution
		{8196CF91-4494-4448-BBC4-BB1B2D43F70F}.Debug|Any CPU.ActiveCfg = Debug|Any CPU
		{8196CF91-4494-4448-BBC4-BB1B2D43F70F}.Debug|Any CPU.Build.0 = Debug|Any CPU
		{8196CF91-4494-4448-BBC4-BB1B2D43F70F}.Release|Any CPU.ActiveCfg = Release|Any CPU
		{8196CF91-4494-4448-BBC4-BB1B2D43F70F}.Release|Any CPU.Build.0 = Release|Any CPU
		{27B23AB4-C547-4E5E-BB70-86421E26C4C3}.Debug|Any CPU.ActiveCfg = Debug|Any CPU
		{27B23AB4-C547-4E5E-BB70-86421E26C4C3}.Debug|Any CPU.Build.0 = Debug|Any CPU
		{27B23AB4-C547-4E5E-BB70-86421E26C4C3}.Release|Any CPU.ActiveCfg = Release|Any CPU
		{27B23AB4-C547-4E5E-BB70-86421E26C4C3}.Release|Any CPU.Build.0 = Release|Any CPU
		{70E60D61-82A7-468C-B350-66503E34DE0E}.Debug|Any CPU.ActiveCfg = Debug|Any CPU
		{70E60D61-82A7-468C-B350-66503E34DE0E}.Debug|Any CPU.Build.0 = Debug|Any CPU
		{70E60D61-82A7-468C-B350-66503E34DE0E}.Release|Any CPU.ActiveCfg = Release|Any CPU
		{70E60D61-82A7-468C-B350-66503E34DE0E}.Release|Any CPU.Build.0 = Release|Any CPU
		{83F44D13-7228-4E49-99A1-FB2A142B4C54}.Debug|Any CPU.ActiveCfg = Debug|Any CPU
		{83F44D13-7228-4E49-99A1-FB2A142B4C54}.Debug|Any CPU.Build.0 = Debug|Any CPU
		{83F44D13-7228-4E49-99A1-FB2A142B4C54}.Release|Any CPU.ActiveCfg = Release|Any CPU
		{83F44D13-7228-4E49-99A1-FB2A142B4C54}.Release|Any CPU.Build.0 = Release|Any CPU
		{620ADD80-6585-4891-893B-722AA220A686}.Debug|Any CPU.ActiveCfg = Debug|Any CPU
		{620ADD80-6585-4891-893B-722AA220A686}.Debug|Any CPU.Build.0 = Debug|Any CPU
		{620ADD80-6585-4891-893B-722AA220A686}.Release|Any CPU.ActiveCfg = Release|Any CPU
		{620ADD80-6585-4891-893B-722AA220A686}.Release|Any CPU.Build.0 = Release|Any CPU
		{3D564298-0120-480D-B2B4-B5CABE847C7C}.Debug|Any CPU.ActiveCfg = Debug|Any CPU
		{3D564298-0120-480D-B2B4-B5CABE847C7C}.Debug|Any CPU.Build.0 = Debug|Any CPU
		{3D564298-0120-480D-B2B4-B5CABE847C7C}.Release|Any CPU.ActiveCfg = Release|Any CPU
		{3D564298-0120-480D-B2B4-B5CABE847C7C}.Release|Any CPU.Build.0 = Release|Any CPU
		{D6C2BD29-563F-445B-95E9-85541BBB949E}.Debug|Any CPU.ActiveCfg = Debug|Any CPU
		{D6C2BD29-563F-445B-95E9-85541BBB949E}.Debug|Any CPU.Build.0 = Debug|Any CPU
		{D6C2BD29-563F-445B-95E9-85541BBB949E}.Release|Any CPU.ActiveCfg = Release|Any CPU
		{D6C2BD29-563F-445B-95E9-85541BBB949E}.Release|Any CPU.Build.0 = Release|Any CPU
		{EAB33C95-64A8-44C9-B86E-93D02108494B}.Debug|Any CPU.ActiveCfg = Debug|Any CPU
		{EAB33C95-64A8-44C9-B86E-93D02108494B}.Debug|Any CPU.Build.0 = Debug|Any CPU
		{EAB33C95-64A8-44C9-B86E-93D02108494B}.Release|Any CPU.ActiveCfg = Release|Any CPU
		{EAB33C95-64A8-44C9-B86E-93D02108494B}.Release|Any CPU.Build.0 = Release|Any CPU
		{9634D440-DBC3-4AF1-91F5-CC821E8027BD}.Debug|Any CPU.ActiveCfg = Debug|Any CPU
		{9634D440-DBC3-4AF1-91F5-CC821E8027BD}.Debug|Any CPU.Build.0 = Debug|Any CPU
		{9634D440-DBC3-4AF1-91F5-CC821E8027BD}.Release|Any CPU.ActiveCfg = Release|Any CPU
		{9634D440-DBC3-4AF1-91F5-CC821E8027BD}.Release|Any CPU.Build.0 = Release|Any CPU
		{70B04584-AF24-4806-A55C-C68A7BFBA46B}.Debug|Any CPU.ActiveCfg = Debug|Any CPU
		{70B04584-AF24-4806-A55C-C68A7BFBA46B}.Debug|Any CPU.Build.0 = Debug|Any CPU
		{70B04584-AF24-4806-A55C-C68A7BFBA46B}.Release|Any CPU.ActiveCfg = Release|Any CPU
		{70B04584-AF24-4806-A55C-C68A7BFBA46B}.Release|Any CPU.Build.0 = Release|Any CPU
	EndGlobalSection
	GlobalSection(SolutionProperties) = preSolution
		HideSolutionNode = FALSE
	EndGlobalSection
EndGlobal
